// !$*UTF8*$!
{
	archiveVersion = 1;
	classes = {
	};
	objectVersion = 50;
	objects = {

/* Begin PBXBuildFile section */
		80B13A43CE2F5E8B3AEDB4F8 /* Pods_Saparamadu_D_D_G_A_Y_M__Cobsccomp171p_011.framework in Frameworks */ = {isa = PBXBuildFile; fileRef = A35BA7856D7DE11CFD0E8415 /* Pods_Saparamadu_D_D_G_A_Y_M__Cobsccomp171p_011.framework */; };
		DE67F5CED8FA2CE054D9925A /* Pods_Saparamadu_D_D_G_A_Y_M__Cobsccomp171p_011UITests.framework in Frameworks */ = {isa = PBXBuildFile; fileRef = BDA8FA0D92C0453F51D4B701 /* Pods_Saparamadu_D_D_G_A_Y_M__Cobsccomp171p_011UITests.framework */; };
		EB1137AF228FBE9F00DBF2CB /* HomeTableViewCell.swift in Sources */ = {isa = PBXBuildFile; fileRef = EB1137AE228FBE9F00DBF2CB /* HomeTableViewCell.swift */; };
		EB40D47E2291947900BC982B /* SignUpViewController.swift in Sources */ = {isa = PBXBuildFile; fileRef = EB40D47D2291947900BC982B /* SignUpViewController.swift */; };
		EB40D4802291D55E00BC982B /* ViewStudentViewController.swift in Sources */ = {isa = PBXBuildFile; fileRef = EB40D47F2291D55E00BC982B /* ViewStudentViewController.swift */; };
		EB40D4822291E03A00BC982B /* UserProfile.swift in Sources */ = {isa = PBXBuildFile; fileRef = EB40D4812291E03A00BC982B /* UserProfile.swift */; };
		EB40D4842291E17A00BC982B /* MyProfile.storyboard in Resources */ = {isa = PBXBuildFile; fileRef = EB40D4832291E17A00BC982B /* MyProfile.storyboard */; };
		EB4C5304228EEB73004797B0 /* Home.storyboard in Resources */ = {isa = PBXBuildFile; fileRef = EB4C5303228EEB73004797B0 /* Home.storyboard */; };
		EB4C5306228EEC73004797B0 /* Login.storyboard in Resources */ = {isa = PBXBuildFile; fileRef = EB4C5305228EEC73004797B0 /* Login.storyboard */; };
		EB4C5308228EF3AA004797B0 /* LoginViewController.swift in Sources */ = {isa = PBXBuildFile; fileRef = EB4C5307228EF3AA004797B0 /* LoginViewController.swift */; };
		EB4C530A228EF3BB004797B0 /* HomeViewController.swift in Sources */ = {isa = PBXBuildFile; fileRef = EB4C5309228EF3BB004797B0 /* HomeViewController.swift */; };
		EB4C530C228EFAAA004797B0 /* ApptempData.swift in Sources */ = {isa = PBXBuildFile; fileRef = EB4C530B228EFAAA004797B0 /* ApptempData.swift */; };
		EB7599B5228EAD9D00FE965B /* AppDelegate.swift in Sources */ = {isa = PBXBuildFile; fileRef = EB7599B4228EAD9D00FE965B /* AppDelegate.swift */; };
		EB7599B7228EAD9D00FE965B /* ViewController.swift in Sources */ = {isa = PBXBuildFile; fileRef = EB7599B6228EAD9D00FE965B /* ViewController.swift */; };
		EB7599BA228EAD9D00FE965B /* Main.storyboard in Resources */ = {isa = PBXBuildFile; fileRef = EB7599B8228EAD9D00FE965B /* Main.storyboard */; };
		EB7599BC228EAD9D00FE965B /* Assets.xcassets in Resources */ = {isa = PBXBuildFile; fileRef = EB7599BB228EAD9D00FE965B /* Assets.xcassets */; };
		EB7599BF228EAD9D00FE965B /* LaunchScreen.storyboard in Resources */ = {isa = PBXBuildFile; fileRef = EB7599BD228EAD9D00FE965B /* LaunchScreen.storyboard */; };
		EB7599CA228EAD9E00FE965B /* Saparamadu_D_D_G_A_Y_M__Cobsccomp171p_011UITests.swift in Sources */ = {isa = PBXBuildFile; fileRef = EB7599C9228EAD9E00FE965B /* Saparamadu_D_D_G_A_Y_M__Cobsccomp171p_011UITests.swift */; };
		EB7599D7228EB1D700FE965B /* GoogleService-Info.plist in Resources */ = {isa = PBXBuildFile; fileRef = EB7599D6228EB1D700FE965B /* GoogleService-Info.plist */; };
		EB8E97D62290207300C90970 /* studentmodel.swift in Sources */ = {isa = PBXBuildFile; fileRef = EB8E97D52290207300C90970 /* studentmodel.swift */; };
		EB8E97DA229063FE00C90970 /* AddStudentDataViewController.swift in Sources */ = {isa = PBXBuildFile; fileRef = EB8E97D9229063FE00C90970 /* AddStudentDataViewController.swift */; };
		EB94D3442290FDF500C60E85 /* ForgetPasswordViewController.swift in Sources */ = {isa = PBXBuildFile; fileRef = EB94D3432290FDF500C60E85 /* ForgetPasswordViewController.swift */; };
/* End PBXBuildFile section */

/* Begin PBXContainerItemProxy section */
		EB7599C6228EAD9E00FE965B /* PBXContainerItemProxy */ = {
			isa = PBXContainerItemProxy;
			containerPortal = EB7599A9228EAD9D00FE965B /* Project object */;
			proxyType = 1;
			remoteGlobalIDString = EB7599B0228EAD9D00FE965B;
			remoteInfo = "Saparamadu D.D.G.A.Y.M._Cobsccomp171p-011";
		};
/* End PBXContainerItemProxy section */

/* Begin PBXFileReference section */
		0467BBFCF234F393C021CF89 /* Pods-Saparamadu D.D.G.A.Y.M._Cobsccomp171p-011.debug.xcconfig */ = {isa = PBXFileReference; includeInIndex = 1; lastKnownFileType = text.xcconfig; name = "Pods-Saparamadu D.D.G.A.Y.M._Cobsccomp171p-011.debug.xcconfig"; path = "Target Support Files/Pods-Saparamadu D.D.G.A.Y.M._Cobsccomp171p-011/Pods-Saparamadu D.D.G.A.Y.M._Cobsccomp171p-011.debug.xcconfig"; sourceTree = "<group>"; };
		2C402C480CF9E8C7BB46CC8F /* Pods-Saparamadu D.D.G.A.Y.M._Cobsccomp171p-011.release.xcconfig */ = {isa = PBXFileReference; includeInIndex = 1; lastKnownFileType = text.xcconfig; name = "Pods-Saparamadu D.D.G.A.Y.M._Cobsccomp171p-011.release.xcconfig"; path = "Target Support Files/Pods-Saparamadu D.D.G.A.Y.M._Cobsccomp171p-011/Pods-Saparamadu D.D.G.A.Y.M._Cobsccomp171p-011.release.xcconfig"; sourceTree = "<group>"; };
		2CAD62411E1ED6D85911CD00 /* Pods-Saparamadu D.D.G.A.Y.M._Cobsccomp171p-011UITests.release.xcconfig */ = {isa = PBXFileReference; includeInIndex = 1; lastKnownFileType = text.xcconfig; name = "Pods-Saparamadu D.D.G.A.Y.M._Cobsccomp171p-011UITests.release.xcconfig"; path = "Target Support Files/Pods-Saparamadu D.D.G.A.Y.M._Cobsccomp171p-011UITests/Pods-Saparamadu D.D.G.A.Y.M._Cobsccomp171p-011UITests.release.xcconfig"; sourceTree = "<group>"; };
		88CE862ACD15B3E441AA8253 /* Pods-Saparamadu D.D.G.A.Y.M._Cobsccomp171p-011UITests.debug.xcconfig */ = {isa = PBXFileReference; includeInIndex = 1; lastKnownFileType = text.xcconfig; name = "Pods-Saparamadu D.D.G.A.Y.M._Cobsccomp171p-011UITests.debug.xcconfig"; path = "Target Support Files/Pods-Saparamadu D.D.G.A.Y.M._Cobsccomp171p-011UITests/Pods-Saparamadu D.D.G.A.Y.M._Cobsccomp171p-011UITests.debug.xcconfig"; sourceTree = "<group>"; };
		A35BA7856D7DE11CFD0E8415 /* Pods_Saparamadu_D_D_G_A_Y_M__Cobsccomp171p_011.framework */ = {isa = PBXFileReference; explicitFileType = wrapper.framework; includeInIndex = 0; path = Pods_Saparamadu_D_D_G_A_Y_M__Cobsccomp171p_011.framework; sourceTree = BUILT_PRODUCTS_DIR; };
		BDA8FA0D92C0453F51D4B701 /* Pods_Saparamadu_D_D_G_A_Y_M__Cobsccomp171p_011UITests.framework */ = {isa = PBXFileReference; explicitFileType = wrapper.framework; includeInIndex = 0; path = Pods_Saparamadu_D_D_G_A_Y_M__Cobsccomp171p_011UITests.framework; sourceTree = BUILT_PRODUCTS_DIR; };
		EB1137AE228FBE9F00DBF2CB /* HomeTableViewCell.swift */ = {isa = PBXFileReference; lastKnownFileType = sourcecode.swift; path = HomeTableViewCell.swift; sourceTree = "<group>"; };
		EB40D47D2291947900BC982B /* SignUpViewController.swift */ = {isa = PBXFileReference; lastKnownFileType = sourcecode.swift; path = SignUpViewController.swift; sourceTree = "<group>"; };
		EB40D47F2291D55E00BC982B /* ViewStudentViewController.swift */ = {isa = PBXFileReference; lastKnownFileType = sourcecode.swift; path = ViewStudentViewController.swift; sourceTree = "<group>"; };
		EB40D4812291E03A00BC982B /* UserProfile.swift */ = {isa = PBXFileReference; lastKnownFileType = sourcecode.swift; path = UserProfile.swift; sourceTree = "<group>"; };
		EB40D4832291E17A00BC982B /* MyProfile.storyboard */ = {isa = PBXFileReference; lastKnownFileType = file.storyboard; path = MyProfile.storyboard; sourceTree = "<group>"; };
		EB4C5303228EEB73004797B0 /* Home.storyboard */ = {isa = PBXFileReference; lastKnownFileType = file.storyboard; path = Home.storyboard; sourceTree = "<group>"; };
		EB4C5305228EEC73004797B0 /* Login.storyboard */ = {isa = PBXFileReference; lastKnownFileType = file.storyboard; path = Login.storyboard; sourceTree = "<group>"; };
		EB4C5307228EF3AA004797B0 /* LoginViewController.swift */ = {isa = PBXFileReference; lastKnownFileType = sourcecode.swift; path = LoginViewController.swift; sourceTree = "<group>"; };
		EB4C5309228EF3BB004797B0 /* HomeViewController.swift */ = {isa = PBXFileReference; lastKnownFileType = sourcecode.swift; path = HomeViewController.swift; sourceTree = "<group>"; };
		EB4C530B228EFAAA004797B0 /* ApptempData.swift */ = {isa = PBXFileReference; lastKnownFileType = sourcecode.swift; path = ApptempData.swift; sourceTree = "<group>"; };
		EB7599B1228EAD9D00FE965B /* Saparamadu D.D.G.A.Y.M._Cobsccomp171p-011.app */ = {isa = PBXFileReference; explicitFileType = wrapper.application; includeInIndex = 0; path = "Saparamadu D.D.G.A.Y.M._Cobsccomp171p-011.app"; sourceTree = BUILT_PRODUCTS_DIR; };
		EB7599B4228EAD9D00FE965B /* AppDelegate.swift */ = {isa = PBXFileReference; lastKnownFileType = sourcecode.swift; path = AppDelegate.swift; sourceTree = "<group>"; };
		EB7599B6228EAD9D00FE965B /* ViewController.swift */ = {isa = PBXFileReference; lastKnownFileType = sourcecode.swift; path = ViewController.swift; sourceTree = "<group>"; };
		EB7599B9228EAD9D00FE965B /* Base */ = {isa = PBXFileReference; lastKnownFileType = file.storyboard; name = Base; path = Base.lproj/Main.storyboard; sourceTree = "<group>"; };
		EB7599BB228EAD9D00FE965B /* Assets.xcassets */ = {isa = PBXFileReference; lastKnownFileType = folder.assetcatalog; path = Assets.xcassets; sourceTree = "<group>"; };
		EB7599BE228EAD9D00FE965B /* Base */ = {isa = PBXFileReference; lastKnownFileType = file.storyboard; name = Base; path = Base.lproj/LaunchScreen.storyboard; sourceTree = "<group>"; };
		EB7599C0228EAD9D00FE965B /* Info.plist */ = {isa = PBXFileReference; lastKnownFileType = text.plist.xml; path = Info.plist; sourceTree = "<group>"; };
		EB7599C5228EAD9E00FE965B /* Saparamadu D.D.G.A.Y.M._Cobsccomp171p-011UITests.xctest */ = {isa = PBXFileReference; explicitFileType = wrapper.cfbundle; includeInIndex = 0; path = "Saparamadu D.D.G.A.Y.M._Cobsccomp171p-011UITests.xctest"; sourceTree = BUILT_PRODUCTS_DIR; };
		EB7599C9228EAD9E00FE965B /* Saparamadu_D_D_G_A_Y_M__Cobsccomp171p_011UITests.swift */ = {isa = PBXFileReference; lastKnownFileType = sourcecode.swift; path = Saparamadu_D_D_G_A_Y_M__Cobsccomp171p_011UITests.swift; sourceTree = "<group>"; };
		EB7599CB228EAD9E00FE965B /* Info.plist */ = {isa = PBXFileReference; lastKnownFileType = text.plist.xml; path = Info.plist; sourceTree = "<group>"; };
		EB7599D6228EB1D700FE965B /* GoogleService-Info.plist */ = {isa = PBXFileReference; fileEncoding = 4; lastKnownFileType = text.plist.xml; path = "GoogleService-Info.plist"; sourceTree = "<group>"; };
		EB8E97D52290207300C90970 /* studentmodel.swift */ = {isa = PBXFileReference; fileEncoding = 4; lastKnownFileType = sourcecode.swift; path = studentmodel.swift; sourceTree = "<group>"; };
		EB8E97D9229063FE00C90970 /* AddStudentDataViewController.swift */ = {isa = PBXFileReference; lastKnownFileType = sourcecode.swift; path = AddStudentDataViewController.swift; sourceTree = "<group>"; };
		EB94D3432290FDF500C60E85 /* ForgetPasswordViewController.swift */ = {isa = PBXFileReference; lastKnownFileType = sourcecode.swift; path = ForgetPasswordViewController.swift; sourceTree = "<group>"; };
/* End PBXFileReference section */

/* Begin PBXFrameworksBuildPhase section */
		EB7599AE228EAD9D00FE965B /* Frameworks */ = {
			isa = PBXFrameworksBuildPhase;
			buildActionMask = 2147483647;
			files = (
				80B13A43CE2F5E8B3AEDB4F8 /* Pods_Saparamadu_D_D_G_A_Y_M__Cobsccomp171p_011.framework in Frameworks */,
			);
			runOnlyForDeploymentPostprocessing = 0;
		};
		EB7599C2228EAD9E00FE965B /* Frameworks */ = {
			isa = PBXFrameworksBuildPhase;
			buildActionMask = 2147483647;
			files = (
				DE67F5CED8FA2CE054D9925A /* Pods_Saparamadu_D_D_G_A_Y_M__Cobsccomp171p_011UITests.framework in Frameworks */,
			);
			runOnlyForDeploymentPostprocessing = 0;
		};
/* End PBXFrameworksBuildPhase section */

/* Begin PBXGroup section */
		30737C01ED5BA05C71B8F9E9 /* Frameworks */ = {
			isa = PBXGroup;
			children = (
				A35BA7856D7DE11CFD0E8415 /* Pods_Saparamadu_D_D_G_A_Y_M__Cobsccomp171p_011.framework */,
				BDA8FA0D92C0453F51D4B701 /* Pods_Saparamadu_D_D_G_A_Y_M__Cobsccomp171p_011UITests.framework */,
			);
			name = Frameworks;
			sourceTree = "<group>";
		};
		7F8D51E2094F468CA7CD2E70 /* Pods */ = {
			isa = PBXGroup;
			children = (
				0467BBFCF234F393C021CF89 /* Pods-Saparamadu D.D.G.A.Y.M._Cobsccomp171p-011.debug.xcconfig */,
				2C402C480CF9E8C7BB46CC8F /* Pods-Saparamadu D.D.G.A.Y.M._Cobsccomp171p-011.release.xcconfig */,
				88CE862ACD15B3E441AA8253 /* Pods-Saparamadu D.D.G.A.Y.M._Cobsccomp171p-011UITests.debug.xcconfig */,
				2CAD62411E1ED6D85911CD00 /* Pods-Saparamadu D.D.G.A.Y.M._Cobsccomp171p-011UITests.release.xcconfig */,
			);
			path = Pods;
			sourceTree = "<group>";
		};
		EB4C52FF228EE84A004797B0 /* models */ = {
			isa = PBXGroup;
			children = (
				EB8E97D52290207300C90970 /* studentmodel.swift */,
				EB4C530B228EFAAA004797B0 /* ApptempData.swift */,
				EB40D4812291E03A00BC982B /* UserProfile.swift */,
			);
			path = models;
			sourceTree = "<group>";
		};
		EB4C5300228EE85A004797B0 /* views */ = {
			isa = PBXGroup;
			children = (
			);
			path = views;
			sourceTree = "<group>";
		};
		EB4C5301228EE863004797B0 /* controllers */ = {
			isa = PBXGroup;
			children = (
				EB7599B6228EAD9D00FE965B /* ViewController.swift */,
				EB4C5307228EF3AA004797B0 /* LoginViewController.swift */,
				EB4C5309228EF3BB004797B0 /* HomeViewController.swift */,
				EB8E97D9229063FE00C90970 /* AddStudentDataViewController.swift */,
				EB94D3432290FDF500C60E85 /* ForgetPasswordViewController.swift */,
				EB40D47D2291947900BC982B /* SignUpViewController.swift */,
				EB40D47F2291D55E00BC982B /* ViewStudentViewController.swift */,
			);
			path = controllers;
			sourceTree = "<group>";
		};
		EB4C5302228EE8AC004797B0 /* storyboards */ = {
			isa = PBXGroup;
			children = (
				EB7599BD228EAD9D00FE965B /* LaunchScreen.storyboard */,
				EB7599B8228EAD9D00FE965B /* Main.storyboard */,
				EB4C5303228EEB73004797B0 /* Home.storyboard */,
				EB4C5305228EEC73004797B0 /* Login.storyboard */,
				EB40D4832291E17A00BC982B /* MyProfile.storyboard */,
			);
			path = storyboards;
			sourceTree = "<group>";
		};
		EB7599A8228EAD9D00FE965B = {
			isa = PBXGroup;
			children = (
				EB7599B3228EAD9D00FE965B /* Saparamadu D.D.G.A.Y.M._Cobsccomp171p-011 */,
				EB7599C8228EAD9E00FE965B /* Saparamadu D.D.G.A.Y.M._Cobsccomp171p-011UITests */,
				EB7599B2228EAD9D00FE965B /* Products */,
				7F8D51E2094F468CA7CD2E70 /* Pods */,
				30737C01ED5BA05C71B8F9E9 /* Frameworks */,
			);
			sourceTree = "<group>";
		};
		EB7599B2228EAD9D00FE965B /* Products */ = {
			isa = PBXGroup;
			children = (
				EB7599B1228EAD9D00FE965B /* Saparamadu D.D.G.A.Y.M._Cobsccomp171p-011.app */,
				EB7599C5228EAD9E00FE965B /* Saparamadu D.D.G.A.Y.M._Cobsccomp171p-011UITests.xctest */,
			);
			name = Products;
			sourceTree = "<group>";
		};
		EB7599B3228EAD9D00FE965B /* Saparamadu D.D.G.A.Y.M._Cobsccomp171p-011 */ = {
			isa = PBXGroup;
			children = (
				EB4C5302228EE8AC004797B0 /* storyboards */,
				EB4C5301228EE863004797B0 /* controllers */,
				EB4C5300228EE85A004797B0 /* views */,
				EB4C52FF228EE84A004797B0 /* models */,
				EB7599D6228EB1D700FE965B /* GoogleService-Info.plist */,
				EB7599B4228EAD9D00FE965B /* AppDelegate.swift */,
				EB7599BB228EAD9D00FE965B /* Assets.xcassets */,
				EB7599C0228EAD9D00FE965B /* Info.plist */,
				EB1137AE228FBE9F00DBF2CB /* HomeTableViewCell.swift */,
			);
			path = "Saparamadu D.D.G.A.Y.M._Cobsccomp171p-011";
			sourceTree = "<group>";
		};
		EB7599C8228EAD9E00FE965B /* Saparamadu D.D.G.A.Y.M._Cobsccomp171p-011UITests */ = {
			isa = PBXGroup;
			children = (
				EB7599C9228EAD9E00FE965B /* Saparamadu_D_D_G_A_Y_M__Cobsccomp171p_011UITests.swift */,
				EB7599CB228EAD9E00FE965B /* Info.plist */,
			);
			path = "Saparamadu D.D.G.A.Y.M._Cobsccomp171p-011UITests";
			sourceTree = "<group>";
		};
/* End PBXGroup section */

/* Begin PBXNativeTarget section */
		EB7599B0228EAD9D00FE965B /* Saparamadu D.D.G.A.Y.M._Cobsccomp171p-011 */ = {
			isa = PBXNativeTarget;
			buildConfigurationList = EB7599CE228EAD9E00FE965B /* Build configuration list for PBXNativeTarget "Saparamadu D.D.G.A.Y.M._Cobsccomp171p-011" */;
			buildPhases = (
				38EC57517F2A59A3D3059F81 /* [CP] Check Pods Manifest.lock */,
				EB7599AD228EAD9D00FE965B /* Sources */,
				EB7599AE228EAD9D00FE965B /* Frameworks */,
				EB7599AF228EAD9D00FE965B /* Resources */,
				15BD243F54CB417E9E848B4D /* [CP] Embed Pods Frameworks */,
				CD768C37C0569DD7EE6D3F67 /* [CP] Copy Pods Resources */,
			);
			buildRules = (
			);
			dependencies = (
			);
			name = "Saparamadu D.D.G.A.Y.M._Cobsccomp171p-011";
			productName = "Saparamadu D.D.G.A.Y.M._Cobsccomp171p-011";
			productReference = EB7599B1228EAD9D00FE965B /* Saparamadu D.D.G.A.Y.M._Cobsccomp171p-011.app */;
			productType = "com.apple.product-type.application";
		};
		EB7599C4228EAD9E00FE965B /* Saparamadu D.D.G.A.Y.M._Cobsccomp171p-011UITests */ = {
			isa = PBXNativeTarget;
			buildConfigurationList = EB7599D1228EAD9E00FE965B /* Build configuration list for PBXNativeTarget "Saparamadu D.D.G.A.Y.M._Cobsccomp171p-011UITests" */;
			buildPhases = (
				37F7634FD0BD4EB4680285A7 /* [CP] Check Pods Manifest.lock */,
				EB7599C1228EAD9E00FE965B /* Sources */,
				EB7599C2228EAD9E00FE965B /* Frameworks */,
				EB7599C3228EAD9E00FE965B /* Resources */,
			);
			buildRules = (
			);
			dependencies = (
				EB7599C7228EAD9E00FE965B /* PBXTargetDependency */,
			);
			name = "Saparamadu D.D.G.A.Y.M._Cobsccomp171p-011UITests";
			productName = "Saparamadu D.D.G.A.Y.M._Cobsccomp171p-011UITests";
			productReference = EB7599C5228EAD9E00FE965B /* Saparamadu D.D.G.A.Y.M._Cobsccomp171p-011UITests.xctest */;
			productType = "com.apple.product-type.bundle.ui-testing";
		};
/* End PBXNativeTarget section */

/* Begin PBXProject section */
		EB7599A9228EAD9D00FE965B /* Project object */ = {
			isa = PBXProject;
			attributes = {
				LastSwiftUpdateCheck = 1010;
				LastUpgradeCheck = 1010;
				ORGANIZATIONNAME = "Yasith Maheshka Saparamadu";
				TargetAttributes = {
					EB7599B0228EAD9D00FE965B = {
						CreatedOnToolsVersion = 10.1;
					};
					EB7599C4228EAD9E00FE965B = {
						CreatedOnToolsVersion = 10.1;
						TestTargetID = EB7599B0228EAD9D00FE965B;
					};
				};
			};
			buildConfigurationList = EB7599AC228EAD9D00FE965B /* Build configuration list for PBXProject "Saparamadu D.D.G.A.Y.M._Cobsccomp171p-011" */;
			compatibilityVersion = "Xcode 9.3";
			developmentRegion = en;
			hasScannedForEncodings = 0;
			knownRegions = (
				en,
				Base,
			);
			mainGroup = EB7599A8228EAD9D00FE965B;
			productRefGroup = EB7599B2228EAD9D00FE965B /* Products */;
			projectDirPath = "";
			projectRoot = "";
			targets = (
				EB7599B0228EAD9D00FE965B /* Saparamadu D.D.G.A.Y.M._Cobsccomp171p-011 */,
				EB7599C4228EAD9E00FE965B /* Saparamadu D.D.G.A.Y.M._Cobsccomp171p-011UITests */,
			);
		};
/* End PBXProject section */

/* Begin PBXResourcesBuildPhase section */
		EB7599AF228EAD9D00FE965B /* Resources */ = {
			isa = PBXResourcesBuildPhase;
			buildActionMask = 2147483647;
			files = (
				EB7599BF228EAD9D00FE965B /* LaunchScreen.storyboard in Resources */,
				EB4C5304228EEB73004797B0 /* Home.storyboard in Resources */,
				EB4C5306228EEC73004797B0 /* Login.storyboard in Resources */,
				EB7599D7228EB1D700FE965B /* GoogleService-Info.plist in Resources */,
				EB40D4842291E17A00BC982B /* MyProfile.storyboard in Resources */,
				EB7599BC228EAD9D00FE965B /* Assets.xcassets in Resources */,
				EB7599BA228EAD9D00FE965B /* Main.storyboard in Resources */,
			);
			runOnlyForDeploymentPostprocessing = 0;
		};
		EB7599C3228EAD9E00FE965B /* Resources */ = {
			isa = PBXResourcesBuildPhase;
			buildActionMask = 2147483647;
			files = (
			);
			runOnlyForDeploymentPostprocessing = 0;
		};
/* End PBXResourcesBuildPhase section */

/* Begin PBXShellScriptBuildPhase section */
		15BD243F54CB417E9E848B4D /* [CP] Embed Pods Frameworks */ = {
			isa = PBXShellScriptBuildPhase;
			buildActionMask = 2147483647;
			files = (
			);
			inputFileListPaths = (
			);
			inputPaths = (
				"${PODS_ROOT}/Target Support Files/Pods-Saparamadu D.D.G.A.Y.M._Cobsccomp171p-011/Pods-Saparamadu D.D.G.A.Y.M._Cobsccomp171p-011-frameworks.sh",
				"${BUILT_PRODUCTS_DIR}/Alamofire/Alamofire.framework",
				"${BUILT_PRODUCTS_DIR}/BoringSSL-GRPC/openssl_grpc.framework",
				"${BUILT_PRODUCTS_DIR}/GTMSessionFetcher/GTMSessionFetcher.framework",
				"${BUILT_PRODUCTS_DIR}/GoogleToolboxForMac/GoogleToolboxForMac.framework",
				"${BUILT_PRODUCTS_DIR}/GoogleUtilities/GoogleUtilities.framework",
				"${BUILT_PRODUCTS_DIR}/Kingfisher/Kingfisher.framework",
				"${BUILT_PRODUCTS_DIR}/Protobuf/Protobuf.framework",
				"${BUILT_PRODUCTS_DIR}/SwiftyJSON/SwiftyJSON.framework",
				"${BUILT_PRODUCTS_DIR}/gRPC-C++/grpcpp.framework",
				"${BUILT_PRODUCTS_DIR}/gRPC-Core/grpc.framework",
				"${BUILT_PRODUCTS_DIR}/leveldb-library/leveldb.framework",
				"${BUILT_PRODUCTS_DIR}/nanopb/nanopb.framework",
			);
			name = "[CP] Embed Pods Frameworks";
			outputFileListPaths = (
			);
			outputPaths = (
				"${TARGET_BUILD_DIR}/${FRAMEWORKS_FOLDER_PATH}/Alamofire.framework",
				"${TARGET_BUILD_DIR}/${FRAMEWORKS_FOLDER_PATH}/openssl_grpc.framework",
				"${TARGET_BUILD_DIR}/${FRAMEWORKS_FOLDER_PATH}/GTMSessionFetcher.framework",
				"${TARGET_BUILD_DIR}/${FRAMEWORKS_FOLDER_PATH}/GoogleToolboxForMac.framework",
				"${TARGET_BUILD_DIR}/${FRAMEWORKS_FOLDER_PATH}/GoogleUtilities.framework",
				"${TARGET_BUILD_DIR}/${FRAMEWORKS_FOLDER_PATH}/Kingfisher.framework",
				"${TARGET_BUILD_DIR}/${FRAMEWORKS_FOLDER_PATH}/Protobuf.framework",
				"${TARGET_BUILD_DIR}/${FRAMEWORKS_FOLDER_PATH}/SwiftyJSON.framework",
				"${TARGET_BUILD_DIR}/${FRAMEWORKS_FOLDER_PATH}/grpcpp.framework",
				"${TARGET_BUILD_DIR}/${FRAMEWORKS_FOLDER_PATH}/grpc.framework",
				"${TARGET_BUILD_DIR}/${FRAMEWORKS_FOLDER_PATH}/leveldb.framework",
				"${TARGET_BUILD_DIR}/${FRAMEWORKS_FOLDER_PATH}/nanopb.framework",
			);
			runOnlyForDeploymentPostprocessing = 0;
			shellPath = /bin/sh;
			shellScript = "\"${PODS_ROOT}/Target Support Files/Pods-Saparamadu D.D.G.A.Y.M._Cobsccomp171p-011/Pods-Saparamadu D.D.G.A.Y.M._Cobsccomp171p-011-frameworks.sh\"\n";
			showEnvVarsInLog = 0;
		};
		37F7634FD0BD4EB4680285A7 /* [CP] Check Pods Manifest.lock */ = {
			isa = PBXShellScriptBuildPhase;
			buildActionMask = 2147483647;
			files = (
			);
			inputFileListPaths = (
			);
			inputPaths = (
				"${PODS_PODFILE_DIR_PATH}/Podfile.lock",
				"${PODS_ROOT}/Manifest.lock",
			);
			name = "[CP] Check Pods Manifest.lock";
			outputFileListPaths = (
			);
			outputPaths = (
				"$(DERIVED_FILE_DIR)/Pods-Saparamadu D.D.G.A.Y.M._Cobsccomp171p-011UITests-checkManifestLockResult.txt",
			);
			runOnlyForDeploymentPostprocessing = 0;
			shellPath = /bin/sh;
			shellScript = "diff \"${PODS_PODFILE_DIR_PATH}/Podfile.lock\" \"${PODS_ROOT}/Manifest.lock\" > /dev/null\nif [ $? != 0 ] ; then\n    # print error to STDERR\n    echo \"error: The sandbox is not in sync with the Podfile.lock. Run 'pod install' or update your CocoaPods installation.\" >&2\n    exit 1\nfi\n# This output is used by Xcode 'outputs' to avoid re-running this script phase.\necho \"SUCCESS\" > \"${SCRIPT_OUTPUT_FILE_0}\"\n";
			showEnvVarsInLog = 0;
		};
		38EC57517F2A59A3D3059F81 /* [CP] Check Pods Manifest.lock */ = {
			isa = PBXShellScriptBuildPhase;
			buildActionMask = 2147483647;
			files = (
			);
			inputFileListPaths = (
			);
			inputPaths = (
				"${PODS_PODFILE_DIR_PATH}/Podfile.lock",
				"${PODS_ROOT}/Manifest.lock",
			);
			name = "[CP] Check Pods Manifest.lock";
			outputFileListPaths = (
			);
			outputPaths = (
				"$(DERIVED_FILE_DIR)/Pods-Saparamadu D.D.G.A.Y.M._Cobsccomp171p-011-checkManifestLockResult.txt",
			);
			runOnlyForDeploymentPostprocessing = 0;
			shellPath = /bin/sh;
			shellScript = "diff \"${PODS_PODFILE_DIR_PATH}/Podfile.lock\" \"${PODS_ROOT}/Manifest.lock\" > /dev/null\nif [ $? != 0 ] ; then\n    # print error to STDERR\n    echo \"error: The sandbox is not in sync with the Podfile.lock. Run 'pod install' or update your CocoaPods installation.\" >&2\n    exit 1\nfi\n# This output is used by Xcode 'outputs' to avoid re-running this script phase.\necho \"SUCCESS\" > \"${SCRIPT_OUTPUT_FILE_0}\"\n";
			showEnvVarsInLog = 0;
		};
		CD768C37C0569DD7EE6D3F67 /* [CP] Copy Pods Resources */ = {
			isa = PBXShellScriptBuildPhase;
			buildActionMask = 2147483647;
			files = (
			);
			inputFileListPaths = (
			);
			inputPaths = (
				"${PODS_ROOT}/Target Support Files/Pods-Saparamadu D.D.G.A.Y.M._Cobsccomp171p-011/Pods-Saparamadu D.D.G.A.Y.M._Cobsccomp171p-011-resources.sh",
				"${PODS_ROOT}/GoogleSignIn/Resources/GoogleSignIn.bundle",
			);
			name = "[CP] Copy Pods Resources";
			outputFileListPaths = (
			);
			outputPaths = (
				"${TARGET_BUILD_DIR}/${UNLOCALIZED_RESOURCES_FOLDER_PATH}/GoogleSignIn.bundle",
			);
			runOnlyForDeploymentPostprocessing = 0;
			shellPath = /bin/sh;
			shellScript = "\"${PODS_ROOT}/Target Support Files/Pods-Saparamadu D.D.G.A.Y.M._Cobsccomp171p-011/Pods-Saparamadu D.D.G.A.Y.M._Cobsccomp171p-011-resources.sh\"\n";
			showEnvVarsInLog = 0;
		};
/* End PBXShellScriptBuildPhase section */

/* Begin PBXSourcesBuildPhase section */
		EB7599AD228EAD9D00FE965B /* Sources */ = {
			isa = PBXSourcesBuildPhase;
			buildActionMask = 2147483647;
			files = (
				EB4C5308228EF3AA004797B0 /* LoginViewController.swift in Sources */,
				EB4C530C228EFAAA004797B0 /* ApptempData.swift in Sources */,
				EB7599B7228EAD9D00FE965B /* ViewController.swift in Sources */,
				EB1137AF228FBE9F00DBF2CB /* HomeTableViewCell.swift in Sources */,
				EB40D47E2291947900BC982B /* SignUpViewController.swift in Sources */,
				EB40D4802291D55E00BC982B /* ViewStudentViewController.swift in Sources */,
				EB94D3442290FDF500C60E85 /* ForgetPasswordViewController.swift in Sources */,
				EB7599B5228EAD9D00FE965B /* AppDelegate.swift in Sources */,
				EB40D4822291E03A00BC982B /* UserProfile.swift in Sources */,
				EB4C530A228EF3BB004797B0 /* HomeViewController.swift in Sources */,
				EB8E97DA229063FE00C90970 /* AddStudentDataViewController.swift in Sources */,
				EB8E97D62290207300C90970 /* studentmodel.swift in Sources */,
			);
			runOnlyForDeploymentPostprocessing = 0;
		};
		EB7599C1228EAD9E00FE965B /* Sources */ = {
			isa = PBXSourcesBuildPhase;
			buildActionMask = 2147483647;
			files = (
				EB7599CA228EAD9E00FE965B /* Saparamadu_D_D_G_A_Y_M__Cobsccomp171p_011UITests.swift in Sources */,
			);
			runOnlyForDeploymentPostprocessing = 0;
		};
/* End PBXSourcesBuildPhase section */

/* Begin PBXTargetDependency section */
		EB7599C7228EAD9E00FE965B /* PBXTargetDependency */ = {
			isa = PBXTargetDependency;
			target = EB7599B0228EAD9D00FE965B /* Saparamadu D.D.G.A.Y.M._Cobsccomp171p-011 */;
			targetProxy = EB7599C6228EAD9E00FE965B /* PBXContainerItemProxy */;
		};
/* End PBXTargetDependency section */

/* Begin PBXVariantGroup section */
		EB7599B8228EAD9D00FE965B /* Main.storyboard */ = {
			isa = PBXVariantGroup;
			children = (
				EB7599B9228EAD9D00FE965B /* Base */,
			);
			name = Main.storyboard;
			sourceTree = "<group>";
		};
		EB7599BD228EAD9D00FE965B /* LaunchScreen.storyboard */ = {
			isa = PBXVariantGroup;
			children = (
				EB7599BE228EAD9D00FE965B /* Base */,
			);
			name = LaunchScreen.storyboard;
			sourceTree = "<group>";
		};
/* End PBXVariantGroup section */

/* Begin XCBuildConfiguration section */
		EB7599CC228EAD9E00FE965B /* Debug */ = {
			isa = XCBuildConfiguration;
			buildSettings = {
				ALWAYS_SEARCH_USER_PATHS = NO;
				CLANG_ANALYZER_NONNULL = YES;
				CLANG_ANALYZER_NUMBER_OBJECT_CONVERSION = YES_AGGRESSIVE;
				CLANG_CXX_LANGUAGE_STANDARD = "gnu++14";
				CLANG_CXX_LIBRARY = "libc++";
				CLANG_ENABLE_MODULES = YES;
				CLANG_ENABLE_OBJC_ARC = YES;
				CLANG_ENABLE_OBJC_WEAK = YES;
				CLANG_WARN_BLOCK_CAPTURE_AUTORELEASING = YES;
				CLANG_WARN_BOOL_CONVERSION = YES;
				CLANG_WARN_COMMA = YES;
				CLANG_WARN_CONSTANT_CONVERSION = YES;
				CLANG_WARN_DEPRECATED_OBJC_IMPLEMENTATIONS = YES;
				CLANG_WARN_DIRECT_OBJC_ISA_USAGE = YES_ERROR;
				CLANG_WARN_DOCUMENTATION_COMMENTS = YES;
				CLANG_WARN_EMPTY_BODY = YES;
				CLANG_WARN_ENUM_CONVERSION = YES;
				CLANG_WARN_INFINITE_RECURSION = YES;
				CLANG_WARN_INT_CONVERSION = YES;
				CLANG_WARN_NON_LITERAL_NULL_CONVERSION = YES;
				CLANG_WARN_OBJC_IMPLICIT_RETAIN_SELF = YES;
				CLANG_WARN_OBJC_LITERAL_CONVERSION = YES;
				CLANG_WARN_OBJC_ROOT_CLASS = YES_ERROR;
				CLANG_WARN_RANGE_LOOP_ANALYSIS = YES;
				CLANG_WARN_STRICT_PROTOTYPES = YES;
				CLANG_WARN_SUSPICIOUS_MOVE = YES;
				CLANG_WARN_UNGUARDED_AVAILABILITY = YES_AGGRESSIVE;
				CLANG_WARN_UNREACHABLE_CODE = YES;
				CLANG_WARN__DUPLICATE_METHOD_MATCH = YES;
				CODE_SIGN_IDENTITY = "iPhone Developer";
				COPY_PHASE_STRIP = NO;
				DEBUG_INFORMATION_FORMAT = dwarf;
				ENABLE_STRICT_OBJC_MSGSEND = YES;
				ENABLE_TESTABILITY = YES;
				GCC_C_LANGUAGE_STANDARD = gnu11;
				GCC_DYNAMIC_NO_PIC = NO;
				GCC_NO_COMMON_BLOCKS = YES;
				GCC_OPTIMIZATION_LEVEL = 0;
				GCC_PREPROCESSOR_DEFINITIONS = (
					"DEBUG=1",
					"$(inherited)",
				);
				GCC_WARN_64_TO_32_BIT_CONVERSION = YES;
				GCC_WARN_ABOUT_RETURN_TYPE = YES_ERROR;
				GCC_WARN_UNDECLARED_SELECTOR = YES;
				GCC_WARN_UNINITIALIZED_AUTOS = YES_AGGRESSIVE;
				GCC_WARN_UNUSED_FUNCTION = YES;
				GCC_WARN_UNUSED_VARIABLE = YES;
				IPHONEOS_DEPLOYMENT_TARGET = 12.1;
				MTL_ENABLE_DEBUG_INFO = INCLUDE_SOURCE;
				MTL_FAST_MATH = YES;
				ONLY_ACTIVE_ARCH = YES;
				SDKROOT = iphoneos;
				SWIFT_ACTIVE_COMPILATION_CONDITIONS = DEBUG;
				SWIFT_OPTIMIZATION_LEVEL = "-Onone";
			};
			name = Debug;
		};
		EB7599CD228EAD9E00FE965B /* Release */ = {
			isa = XCBuildConfiguration;
			buildSettings = {
				ALWAYS_SEARCH_USER_PATHS = NO;
				CLANG_ANALYZER_NONNULL = YES;
				CLANG_ANALYZER_NUMBER_OBJECT_CONVERSION = YES_AGGRESSIVE;
				CLANG_CXX_LANGUAGE_STANDARD = "gnu++14";
				CLANG_CXX_LIBRARY = "libc++";
				CLANG_ENABLE_MODULES = YES;
				CLANG_ENABLE_OBJC_ARC = YES;
				CLANG_ENABLE_OBJC_WEAK = YES;
				CLANG_WARN_BLOCK_CAPTURE_AUTORELEASING = YES;
				CLANG_WARN_BOOL_CONVERSION = YES;
				CLANG_WARN_COMMA = YES;
				CLANG_WARN_CONSTANT_CONVERSION = YES;
				CLANG_WARN_DEPRECATED_OBJC_IMPLEMENTATIONS = YES;
				CLANG_WARN_DIRECT_OBJC_ISA_USAGE = YES_ERROR;
				CLANG_WARN_DOCUMENTATION_COMMENTS = YES;
				CLANG_WARN_EMPTY_BODY = YES;
				CLANG_WARN_ENUM_CONVERSION = YES;
				CLANG_WARN_INFINITE_RECURSION = YES;
				CLANG_WARN_INT_CONVERSION = YES;
				CLANG_WARN_NON_LITERAL_NULL_CONVERSION = YES;
				CLANG_WARN_OBJC_IMPLICIT_RETAIN_SELF = YES;
				CLANG_WARN_OBJC_LITERAL_CONVERSION = YES;
				CLANG_WARN_OBJC_ROOT_CLASS = YES_ERROR;
				CLANG_WARN_RANGE_LOOP_ANALYSIS = YES;
				CLANG_WARN_STRICT_PROTOTYPES = YES;
				CLANG_WARN_SUSPICIOUS_MOVE = YES;
				CLANG_WARN_UNGUARDED_AVAILABILITY = YES_AGGRESSIVE;
				CLANG_WARN_UNREACHABLE_CODE = YES;
				CLANG_WARN__DUPLICATE_METHOD_MATCH = YES;
				CODE_SIGN_IDENTITY = "iPhone Developer";
				COPY_PHASE_STRIP = NO;
				DEBUG_INFORMATION_FORMAT = "dwarf-with-dsym";
				ENABLE_NS_ASSERTIONS = NO;
				ENABLE_STRICT_OBJC_MSGSEND = YES;
				GCC_C_LANGUAGE_STANDARD = gnu11;
				GCC_NO_COMMON_BLOCKS = YES;
				GCC_WARN_64_TO_32_BIT_CONVERSION = YES;
				GCC_WARN_ABOUT_RETURN_TYPE = YES_ERROR;
				GCC_WARN_UNDECLARED_SELECTOR = YES;
				GCC_WARN_UNINITIALIZED_AUTOS = YES_AGGRESSIVE;
				GCC_WARN_UNUSED_FUNCTION = YES;
				GCC_WARN_UNUSED_VARIABLE = YES;
				IPHONEOS_DEPLOYMENT_TARGET = 12.1;
				MTL_ENABLE_DEBUG_INFO = NO;
				MTL_FAST_MATH = YES;
				SDKROOT = iphoneos;
				SWIFT_COMPILATION_MODE = wholemodule;
				SWIFT_OPTIMIZATION_LEVEL = "-O";
				VALIDATE_PRODUCT = YES;
			};
			name = Release;
		};
		EB7599CF228EAD9E00FE965B /* Debug */ = {
			isa = XCBuildConfiguration;
			baseConfigurationReference = 0467BBFCF234F393C021CF89 /* Pods-Saparamadu D.D.G.A.Y.M._Cobsccomp171p-011.debug.xcconfig */;
			buildSettings = {
				ASSETCATALOG_COMPILER_APPICON_NAME = AppIcon;
				CODE_SIGN_STYLE = Automatic;
				DEVELOPMENT_TEAM = F23L6249CR;
				INFOPLIST_FILE = "Saparamadu D.D.G.A.Y.M._Cobsccomp171p-011/Info.plist";
				LD_RUNPATH_SEARCH_PATHS = (
					"$(inherited)",
					"@executable_path/Frameworks",
				);
				PRODUCT_BUNDLE_IDENTIFIER = "yasithSaparamadu.Saparamadu-D-D-G-A-Y-M--Cobsccomp171p-011";
				PRODUCT_NAME = "$(TARGET_NAME)";
				SWIFT_VERSION = 4.2;
				TARGETED_DEVICE_FAMILY = 1;
			};
			name = Debug;
		};
		EB7599D0228EAD9E00FE965B /* Release */ = {
			isa = XCBuildConfiguration;
			baseConfigurationReference = 2C402C480CF9E8C7BB46CC8F /* Pods-Saparamadu D.D.G.A.Y.M._Cobsccomp171p-011.release.xcconfig */;
			buildSettings = {
				ASSETCATALOG_COMPILER_APPICON_NAME = AppIcon;
				CODE_SIGN_STYLE = Automatic;
				DEVELOPMENT_TEAM = F23L6249CR;
				INFOPLIST_FILE = "Saparamadu D.D.G.A.Y.M._Cobsccomp171p-011/Info.plist";
				LD_RUNPATH_SEARCH_PATHS = (
					"$(inherited)",
					"@executable_path/Frameworks",
				);
				PRODUCT_BUNDLE_IDENTIFIER = "yasithSaparamadu.Saparamadu-D-D-G-A-Y-M--Cobsccomp171p-011";
				PRODUCT_NAME = "$(TARGET_NAME)";
				SWIFT_VERSION = 4.2;
				TARGETED_DEVICE_FAMILY = 1;
			};
			name = Release;
		};
		EB7599D2228EAD9E00FE965B /* Debug */ = {
			isa = XCBuildConfiguration;
			baseConfigurationReference = 88CE862ACD15B3E441AA8253 /* Pods-Saparamadu D.D.G.A.Y.M._Cobsccomp171p-011UITests.debug.xcconfig */;
			buildSettings = {
				ALWAYS_EMBED_SWIFT_STANDARD_LIBRARIES = YES;
				CODE_SIGN_STYLE = Automatic;
				DEVELOPMENT_TEAM = F23L6249CR;
				INFOPLIST_FILE = "Saparamadu D.D.G.A.Y.M._Cobsccomp171p-011UITests/Info.plist";
				LD_RUNPATH_SEARCH_PATHS = (
					"$(inherited)",
					"@executable_path/Frameworks",
					"@loader_path/Frameworks",
				);
				PRODUCT_BUNDLE_IDENTIFIER = "yasithSaparamadu.Saparamadu-D-D-G-A-Y-M--Cobsccomp171p-011UITests";
				PRODUCT_NAME = "$(TARGET_NAME)";
				SWIFT_VERSION = 4.2;
				TARGETED_DEVICE_FAMILY = "1,2";
				TEST_TARGET_NAME = "Saparamadu D.D.G.A.Y.M._Cobsccomp171p-011";
			};
			name = Debug;
		};
		EB7599D3228EAD9E00FE965B /* Release */ = {
			isa = XCBuildConfiguration;
			baseConfigurationReference = 2CAD62411E1ED6D85911CD00 /* Pods-Saparamadu D.D.G.A.Y.M._Cobsccomp171p-011UITests.release.xcconfig */;
			buildSettings = {
				ALWAYS_EMBED_SWIFT_STANDARD_LIBRARIES = YES;
				CODE_SIGN_STYLE = Automatic;
				DEVELOPMENT_TEAM = F23L6249CR;
				INFOPLIST_FILE = "Saparamadu D.D.G.A.Y.M._Cobsccomp171p-011UITests/Info.plist";
				LD_RUNPATH_SEARCH_PATHS = (
					"$(inherited)",
					"@executable_path/Frameworks",
					"@loader_path/Frameworks",
				);
				PRODUCT_BUNDLE_IDENTIFIER = "yasithSaparamadu.Saparamadu-D-D-G-A-Y-M--Cobsccomp171p-011UITests";
				PRODUCT_NAME = "$(TARGET_NAME)";
				SWIFT_VERSION = 4.2;
				TARGETED_DEVICE_FAMILY = "1,2";
				TEST_TARGET_NAME = "Saparamadu D.D.G.A.Y.M._Cobsccomp171p-011";
			};
			name = Release;
		};
/* End XCBuildConfiguration section */

/* Begin XCConfigurationList section */
		EB7599AC228EAD9D00FE965B /* Build configuration list for PBXProject "Saparamadu D.D.G.A.Y.M._Cobsccomp171p-011" */ = {
			isa = XCConfigurationList;
			buildConfigurations = (
				EB7599CC228EAD9E00FE965B /* Debug */,
				EB7599CD228EAD9E00FE965B /* Release */,
			);
			defaultConfigurationIsVisible = 0;
			defaultConfigurationName = Release;
		};
		EB7599CE228EAD9E00FE965B /* Build configuration list for PBXNativeTarget "Saparamadu D.D.G.A.Y.M._Cobsccomp171p-011" */ = {
			isa = XCConfigurationList;
			buildConfigurations = (
				EB7599CF228EAD9E00FE965B /* Debug */,
				EB7599D0228EAD9E00FE965B /* Release */,
			);
			defaultConfigurationIsVisible = 0;
			defaultConfigurationName = Release;
		};
		EB7599D1228EAD9E00FE965B /* Build configuration list for PBXNativeTarget "Saparamadu D.D.G.A.Y.M._Cobsccomp171p-011UITests" */ = {
			isa = XCConfigurationList;
			buildConfigurations = (
				EB7599D2228EAD9E00FE965B /* Debug */,
				EB7599D3228EAD9E00FE965B /* Release */,
			);
			defaultConfigurationIsVisible = 0;
			defaultConfigurationName = Release;
		};
/* End XCConfigurationList section */
	};
	rootObject = EB7599A9228EAD9D00FE965B /* Project object */;
}
